
Microsoft Visual Studio Solution File, Format Version 12.00
# Visual Studio 15
VisualStudioVersion = 15.0.28010.2046
MinimumVisualStudioVersion = 10.0.40219.1
Project("{FAE04EC0-301F-11D3-BF4B-00C04F79EFBC}") = "DataFormatter.App", "DataFormatter.App\DataFormatter.App.csproj", "{A0670268-4BCB-42AB-8691-D209DC2DC5FC}"
EndProject
Project("{FAE04EC0-301F-11D3-BF4B-00C04F79EFBC}") = "DataFormatter", "DataFormatter\DataFormatter.csproj", "{15B1012B-465E-403E-A125-D16AD40520A9}"
EndProject
Global
	GlobalSection(SolutionConfigurationPlatforms) = preSolution
		Debug|Any CPU = Debug|Any CPU
		Release|Any CPU = Release|Any CPU
	EndGlobalSection
	GlobalSection(ProjectConfigurationPlatforms) = postSolution
		{A0670268-4BCB-42AB-8691-D209DC2DC5FC}.Debug|Any CPU.ActiveCfg = Debug|Any CPU
		{A0670268-4BCB-42AB-8691-D209DC2DC5FC}.Debug|Any CPU.Build.0 = Debug|Any CPU
		{A0670268-4BCB-42AB-8691-D209DC2DC5FC}.Release|Any CPU.ActiveCfg = Release|Any CPU
		{A0670268-4BCB-42AB-8691-D209DC2DC5FC}.Release|Any CPU.Build.0 = Release|Any CPU
		{15B1012B-465E-403E-A125-D16AD40520A9}.Debug|Any CPU.ActiveCfg = Debug|Any CPU
		{15B1012B-465E-403E-A125-D16AD40520A9}.Debug|Any CPU.Build.0 = Debug|Any CPU
		{15B1012B-465E-403E-A125-D16AD40520A9}.Release|Any CPU.ActiveCfg = Release|Any CPU
		{15B1012B-465E-403E-A125-D16AD40520A9}.Release|Any CPU.Build.0 = Release|Any CPU
	EndGlobalSection
	GlobalSection(SolutionProperties) = preSolution
		HideSolutionNode = FALSE
	EndGlobalSection
	GlobalSection(ExtensibilityGlobals) = postSolution
		SolutionGuid = {090DD156-6325-40AE-A3EF-E0431AC89826}
	EndGlobalSection
EndGlobal
